
Microsoft Visual Studio Solution File, Format Version 12.00
# Visual Studio Version 17
VisualStudioVersion = 17.14.36717.8 d17.14
MinimumVisualStudioVersion = 10.0.40219.1
Project("{FAE04EC0-301F-11D3-BF4B-00C04F79EFBC}") = "CakeBuild", "CakeBuild\CakeBuild.csproj", "{06666D72-3939-4173-808D-173793A13BC3}"
EndProject
Project("{FAE04EC0-301F-11D3-BF4B-00C04F79EFBC}") = "VanillaBuildingExtended", "VanillaBuildingExtended\VanillaBuildingExtended.csproj", "{847F5262-254B-46CB-A3D3-3572102A57ED}"
EndProject
Global
	GlobalSection(SolutionConfigurationPlatforms) = preSolution
		Debug|Any CPU = Debug|Any CPU
		Release|Any CPU = Release|Any CPU
	EndGlobalSection
	GlobalSection(ProjectConfigurationPlatforms) = postSolution
		{06666D72-3939-4173-808D-173793A13BC3}.Debug|Any CPU.ActiveCfg = Debug|Any CPU
		{06666D72-3939-4173-808D-173793A13BC3}.Debug|Any CPU.Build.0 = Debug|Any CPU
		{06666D72-3939-4173-808D-173793A13BC3}.Release|Any CPU.ActiveCfg = Release|Any CPU
		{06666D72-3939-4173-808D-173793A13BC3}.Release|Any CPU.Build.0 = Release|Any CPU
		{847F5262-254B-46CB-A3D3-3572102A57ED}.Debug|Any CPU.ActiveCfg = Debug|Any CPU
		{847F5262-254B-46CB-A3D3-3572102A57ED}.Debug|Any CPU.Build.0 = Debug|Any CPU
		{847F5262-254B-46CB-A3D3-3572102A57ED}.Release|Any CPU.ActiveCfg = Release|Any CPU
		{847F5262-254B-46CB-A3D3-3572102A57ED}.Release|Any CPU.Build.0 = Release|Any CPU
	EndGlobalSection
	GlobalSection(SolutionProperties) = preSolution
		HideSolutionNode = FALSE
	EndGlobalSection
	GlobalSection(ExtensibilityGlobals) = postSolution
		SolutionGuid = {9F138430-88EF-4C0D-88D8-EF413001D1C7}
	EndGlobalSection
EndGlobal
